
Microsoft Visual Studio Solution File, Format Version 12.00
# Visual Studio Version 16
VisualStudioVersion = 16.0.31005.135
MinimumVisualStudioVersion = 10.0.40219.1
Project("{FAE04EC0-301F-11D3-BF4B-00C04F79EFBC}") = "MVC Lab", "MVC Lab\MVC Lab.csproj", "{D08CBC30-20F9-4C9B-8D4B-0B257247FBDF}"
EndProject
Global
	GlobalSection(SolutionConfigurationPlatforms) = preSolution
		Debug|Any CPU = Debug|Any CPU
		Release|Any CPU = Release|Any CPU
	EndGlobalSection
	GlobalSection(ProjectConfigurationPlatforms) = postSolution
		{D08CBC30-20F9-4C9B-8D4B-0B257247FBDF}.Debug|Any CPU.ActiveCfg = Debug|Any CPU
		{D08CBC30-20F9-4C9B-8D4B-0B257247FBDF}.Debug|Any CPU.Build.0 = Debug|Any CPU
		{D08CBC30-20F9-4C9B-8D4B-0B257247FBDF}.Release|Any CPU.ActiveCfg = Release|Any CPU
		{D08CBC30-20F9-4C9B-8D4B-0B257247FBDF}.Release|Any CPU.Build.0 = Release|Any CPU
	EndGlobalSection
	GlobalSection(SolutionProperties) = preSolution
		HideSolutionNode = FALSE
	EndGlobalSection
	GlobalSection(ExtensibilityGlobals) = postSolution
		SolutionGuid = {3E587A91-4EF4-488D-894C-29CBF65C203A}
	EndGlobalSection
EndGlobal
